# THIS IS AN AUTOGENERATED FILE. DO NOT EDIT THIS FILE DIRECTLY.
# yarn lockfile v1


"@prefresh/babel-plugin@^0.4.2":
  version "0.4.2"
  resolved "https://registry.yarnpkg.com/@prefresh/babel-plugin/-/babel-plugin-0.4.2.tgz#6daa9667b8255ad894d620706c8ba2f1ea723e73"
  integrity sha512-QbkpSw3/SShMgLADxHuAWY+jbQC6p8vTK2ZLZuGVaUHPRVT4H02Cd+/ypKc63lJ1aNlrWcOSeZFA6R0OiNg2iQ==
